
Microsoft Visual Studio Solution File, Format Version 12.00
# Visual Studio Version 17
VisualStudioVersion = 17.13.35825.156
MinimumVisualStudioVersion = 10.0.40219.1
Project("{2150E333-8FDC-42A3-9474-1A3956D46DE8}") = "Chapter01", "Chapter01", "{DDB4EF12-CC4E-5E88-E6FC-71A802F4DE97}"
EndProject
Project("{FAE04EC0-301F-11D3-BF4B-00C04F79EFBC}") = "ProductSample", "Chapter01\ProductSample\ProductSample.csproj", "{68D9A9DB-C288-484D-955A-209BF6FC5094}"
EndProject
Project("{2150E333-8FDC-42A3-9474-1A3956D46DE8}") = "Chapter02", "Chapter02", "{E0872017-81EA-41D1-BFE6-38931243CE3A}"
EndProject
Project("{FAE04EC0-301F-11D3-BF4B-00C04F79EFBC}") = "DistanceConverter", "Chapter02\DistanceConverter\DistanceConverter.csproj", "{2FA515E5-5B4F-4DEA-8AE0-2B47DFBE0B23}"
EndProject
Project("{2150E333-8FDC-42A3-9474-1A3956D46DE8}") = "演習問題", "演習問題", "{2788EDBB-0BA0-4ACA-AB35-855210F40A28}"
EndProject
Project("{FAE04EC0-301F-11D3-BF4B-00C04F79EFBC}") = "Exercise02", "Chapter02\演習問題\Exercise02\Exercise02.csproj", "{74B2C033-CF66-403A-06FD-603651AEB4E8}"
EndProject
Project("{2150E333-8FDC-42A3-9474-1A3956D46DE8}") = "距離換算プログラム", "距離換算プログラム", "{ECFE5DB3-A246-4ED5-B13C-488766577812}"
EndProject
Project("{2150E333-8FDC-42A3-9474-1A3956D46DE8}") = "FormApps", "FormApps", "{1CFC1DAC-AEBD-44E7-AA30-FBF33F7A0F46}"
EndProject
Project("{FAE04EC0-301F-11D3-BF4B-00C04F79EFBC}") = "UnitConverter", "FormApps\UnitConverter\UnitConverter.csproj", "{297466E3-B1F3-45B2-8619-88D92C60EE9F}"
EndProject
Project("{FAE04EC0-301F-11D3-BF4B-00C04F79EFBC}") = "StopWatch", "FormApps\StopWatch\StopWatch.csproj", "{2433D703-73A0-4788-BCF4-1F6DC7D9E868}"
EndProject
Global
	GlobalSection(SolutionConfigurationPlatforms) = preSolution
		Debug|Any CPU = Debug|Any CPU
		Release|Any CPU = Release|Any CPU
	EndGlobalSection
	GlobalSection(ProjectConfigurationPlatforms) = postSolution
		{68D9A9DB-C288-484D-955A-209BF6FC5094}.Debug|Any CPU.ActiveCfg = Debug|Any CPU
		{68D9A9DB-C288-484D-955A-209BF6FC5094}.Debug|Any CPU.Build.0 = Debug|Any CPU
		{68D9A9DB-C288-484D-955A-209BF6FC5094}.Release|Any CPU.ActiveCfg = Release|Any CPU
		{68D9A9DB-C288-484D-955A-209BF6FC5094}.Release|Any CPU.Build.0 = Release|Any CPU
		{2FA515E5-5B4F-4DEA-8AE0-2B47DFBE0B23}.Debug|Any CPU.ActiveCfg = Debug|Any CPU
		{2FA515E5-5B4F-4DEA-8AE0-2B47DFBE0B23}.Debug|Any CPU.Build.0 = Debug|Any CPU
		{2FA515E5-5B4F-4DEA-8AE0-2B47DFBE0B23}.Release|Any CPU.ActiveCfg = Release|Any CPU
		{2FA515E5-5B4F-4DEA-8AE0-2B47DFBE0B23}.Release|Any CPU.Build.0 = Release|Any CPU
		{74B2C033-CF66-403A-06FD-603651AEB4E8}.Debug|Any CPU.ActiveCfg = Debug|Any CPU
		{74B2C033-CF66-403A-06FD-603651AEB4E8}.Debug|Any CPU.Build.0 = Debug|Any CPU
		{74B2C033-CF66-403A-06FD-603651AEB4E8}.Release|Any CPU.ActiveCfg = Release|Any CPU
		{74B2C033-CF66-403A-06FD-603651AEB4E8}.Release|Any CPU.Build.0 = Release|Any CPU
		{297466E3-B1F3-45B2-8619-88D92C60EE9F}.Debug|Any CPU.ActiveCfg = Debug|Any CPU
		{297466E3-B1F3-45B2-8619-88D92C60EE9F}.Debug|Any CPU.Build.0 = Debug|Any CPU
		{297466E3-B1F3-45B2-8619-88D92C60EE9F}.Release|Any CPU.ActiveCfg = Release|Any CPU
		{297466E3-B1F3-45B2-8619-88D92C60EE9F}.Release|Any CPU.Build.0 = Release|Any CPU
		{2433D703-73A0-4788-BCF4-1F6DC7D9E868}.Debug|Any CPU.ActiveCfg = Debug|Any CPU
		{2433D703-73A0-4788-BCF4-1F6DC7D9E868}.Debug|Any CPU.Build.0 = Debug|Any CPU
		{2433D703-73A0-4788-BCF4-1F6DC7D9E868}.Release|Any CPU.ActiveCfg = Release|Any CPU
		{2433D703-73A0-4788-BCF4-1F6DC7D9E868}.Release|Any CPU.Build.0 = Release|Any CPU
	EndGlobalSection
	GlobalSection(SolutionProperties) = preSolution
		HideSolutionNode = FALSE
	EndGlobalSection
	GlobalSection(NestedProjects) = preSolution
		{68D9A9DB-C288-484D-955A-209BF6FC5094} = {DDB4EF12-CC4E-5E88-E6FC-71A802F4DE97}
		{2FA515E5-5B4F-4DEA-8AE0-2B47DFBE0B23} = {ECFE5DB3-A246-4ED5-B13C-488766577812}
		{2788EDBB-0BA0-4ACA-AB35-855210F40A28} = {E0872017-81EA-41D1-BFE6-38931243CE3A}
		{74B2C033-CF66-403A-06FD-603651AEB4E8} = {2788EDBB-0BA0-4ACA-AB35-855210F40A28}
		{ECFE5DB3-A246-4ED5-B13C-488766577812} = {E0872017-81EA-41D1-BFE6-38931243CE3A}
		{297466E3-B1F3-45B2-8619-88D92C60EE9F} = {1CFC1DAC-AEBD-44E7-AA30-FBF33F7A0F46}
		{2433D703-73A0-4788-BCF4-1F6DC7D9E868} = {1CFC1DAC-AEBD-44E7-AA30-FBF33F7A0F46}
	EndGlobalSection
	GlobalSection(ExtensibilityGlobals) = postSolution
		SolutionGuid = {28BCC89A-A3BD-4783-8893-79F4BA29A7C7}
	EndGlobalSection
EndGlobal
