
Microsoft Visual Studio Solution File, Format Version 12.00
# Visual Studio Version 17
VisualStudioVersion = 17.13.35825.156
MinimumVisualStudioVersion = 10.0.40219.1
Project("{2150E333-8FDC-42A3-9474-1A3956D46DE8}") = "Chapter01", "Chapter01", "{DDB4EF12-CC4E-5E88-E6FC-71A802F4DE97}"
EndProject
Project("{FAE04EC0-301F-11D3-BF4B-00C04F79EFBC}") = "ProductSample", "Chapter01\ProductSample\ProductSample.csproj", "{68D9A9DB-C288-484D-955A-209BF6FC5094}"
EndProject
Project("{2150E333-8FDC-42A3-9474-1A3956D46DE8}") = "Chapter02", "Chapter02", "{E0872017-81EA-41D1-BFE6-38931243CE3A}"
EndProject
Project("{FAE04EC0-301F-11D3-BF4B-00C04F79EFBC}") = "DistanceConverter", "Chapter02\DistanceConverter\DistanceConverter.csproj", "{2FA515E5-5B4F-4DEA-8AE0-2B47DFBE0B23}"
EndProject
Project("{2150E333-8FDC-42A3-9474-1A3956D46DE8}") = "演習問題", "演習問題", "{2788EDBB-0BA0-4ACA-AB35-855210F40A28}"
EndProject
Project("{FAE04EC0-301F-11D3-BF4B-00C04F79EFBC}") = "Exercise02", "Chapter02\演習問題\Exercise02\Exercise02.csproj", "{74B2C033-CF66-403A-06FD-603651AEB4E8}"
EndProject
Project("{2150E333-8FDC-42A3-9474-1A3956D46DE8}") = "距離換算プログラム", "距離換算プログラム", "{ECFE5DB3-A246-4ED5-B13C-488766577812}"
EndProject
Project("{2150E333-8FDC-42A3-9474-1A3956D46DE8}") = "FormApps", "FormApps", "{1CFC1DAC-AEBD-44E7-AA30-FBF33F7A0F46}"
EndProject
Project("{FAE04EC0-301F-11D3-BF4B-00C04F79EFBC}") = "UnitConverter", "FormApps\UnitConverter\UnitConverter.csproj", "{297466E3-B1F3-45B2-8619-88D92C60EE9F}"
EndProject
Project("{FAE04EC0-301F-11D3-BF4B-00C04F79EFBC}") = "StopWatch", "FormApps\StopWatch\StopWatch.csproj", "{2433D703-73A0-4788-BCF4-1F6DC7D9E868}"
EndProject
Project("{2150E333-8FDC-42A3-9474-1A3956D46DE8}") = "売り上げ集計プログラム", "売り上げ集計プログラム", "{5AC2620C-8789-41A5-AC19-B18A4925D5B3}"
EndProject
Project("{FAE04EC0-301F-11D3-BF4B-00C04F79EFBC}") = "SalesCalculator", "Chapter02\SalesCalculator\SalesCalculator.csproj", "{EFC248BE-48EF-4217-BB85-9435F7B0A99E}"
EndProject
Project("{FAE04EC0-301F-11D3-BF4B-00C04F79EFBC}") = "Exercise01", "Chapter02\演習問題\Exercise01\Exercise01.csproj", "{697FEC80-DE5F-F167-2E9C-702E7D330C53}"
EndProject
Project("{2150E333-8FDC-42A3-9474-1A3956D46DE8}") = "Chapter03", "Chapter03", "{996AF992-0748-4A73-A5F7-38998FA0F5DF}"
EndProject
Project("{FAE04EC0-301F-11D3-BF4B-00C04F79EFBC}") = "Section01", "Chapter03\Section01\Section01.csproj", "{D7CFCF8D-2280-4C9C-B4FB-2A4EB9A77A46}"
EndProject
Project("{2150E333-8FDC-42A3-9474-1A3956D46DE8}") = "演習問題", "演習問題", "{991946B8-80D1-400A-8D03-5AA81622B407}"
EndProject
Project("{FAE04EC0-301F-11D3-BF4B-00C04F79EFBC}") = "Exercise02", "Chapter03\演習問題\Exercise02\Exercise02.csproj", "{AC631372-D8BD-47AE-B4BB-4EC1FF5D0EF2}"
EndProject
Project("{FAE04EC0-301F-11D3-BF4B-00C04F79EFBC}") = "Section04", "Chapter03\Section04\Section04\Section04.csproj", "{802E1871-7B55-49B5-A5A3-648C1278D579}"
EndProject
Project("{FAE04EC0-301F-11D3-BF4B-00C04F79EFBC}") = "Exercise01", "Chapter03\演習問題\Exercise01\Exercise01.csproj", "{D3B25482-891C-4E34-97CB-D461EA57FEBA}"
EndProject
Project("{2150E333-8FDC-42A3-9474-1A3956D46DE8}") = "Chapter04", "Chapter04", "{CE0B27D5-D611-49F1-B403-2C644DA4146F}"
EndProject
Project("{FAE04EC0-301F-11D3-BF4B-00C04F79EFBC}") = "Section04", "Chapter04\Section04\Section04.csproj", "{8CAA6C16-8140-4E29-B0F4-EE5CC4A361BC}"
EndProject
Project("{2150E333-8FDC-42A3-9474-1A3956D46DE8}") = "演習問題", "演習問題", "{7FC4783A-3278-4EFA-B3A4-7D8622507E0A}"
EndProject
Project("{FAE04EC0-301F-11D3-BF4B-00C04F79EFBC}") = "Exercise01", "Chapter04\演習問題\Exercise01\Exercise01.csproj", "{8A408FE0-AA3B-4AFD-90E7-2C95E5649B6B}"
EndProject
Project("{FAE04EC0-301F-11D3-BF4B-00C04F79EFBC}") = "Exercise02", "Chapter04\演習問題\Exercise02\Exercise02.csproj", "{BEC06E82-4B21-4ACE-A4E9-7A6835691B06}"
EndProject
Project("{2150E333-8FDC-42A3-9474-1A3956D46DE8}") = "LINQ", "LINQ", "{C0A5D9CC-BC1F-4EEF-87A9-3EDE35253B59}"
EndProject
Project("{FAE04EC0-301F-11D3-BF4B-00C04F79EFBC}") = "LinqSample", "LINQ\LinqSample\LinqSample.csproj", "{8933CB5D-02CB-4639-A84C-587E4ABBF7D2}"
EndProject
Project("{2150E333-8FDC-42A3-9474-1A3956D46DE8}") = "Chapter07", "Chapter07", "{01B7B146-E9E4-4B9E-8B65-6DDE3256F8EB}"
EndProject
Project("{2150E333-8FDC-42A3-9474-1A3956D46DE8}") = "演習問題", "演習問題", "{E3F25522-CCFD-4C09-8B5D-A982B7A4CCC1}"
EndProject
Project("{FAE04EC0-301F-11D3-BF4B-00C04F79EFBC}") = "Exercise01", "Chapter07\演習問題\Exercise01\Exercise01.csproj", "{0CDBF33D-2F1F-428C-B2D6-0780AE7A13DB}"
EndProject
Global
	GlobalSection(SolutionConfigurationPlatforms) = preSolution
		Debug|Any CPU = Debug|Any CPU
		Release|Any CPU = Release|Any CPU
	EndGlobalSection
	GlobalSection(ProjectConfigurationPlatforms) = postSolution
		{68D9A9DB-C288-484D-955A-209BF6FC5094}.Debug|Any CPU.ActiveCfg = Debug|Any CPU
		{68D9A9DB-C288-484D-955A-209BF6FC5094}.Debug|Any CPU.Build.0 = Debug|Any CPU
		{68D9A9DB-C288-484D-955A-209BF6FC5094}.Release|Any CPU.ActiveCfg = Release|Any CPU
		{68D9A9DB-C288-484D-955A-209BF6FC5094}.Release|Any CPU.Build.0 = Release|Any CPU
		{2FA515E5-5B4F-4DEA-8AE0-2B47DFBE0B23}.Debug|Any CPU.ActiveCfg = Debug|Any CPU
		{2FA515E5-5B4F-4DEA-8AE0-2B47DFBE0B23}.Debug|Any CPU.Build.0 = Debug|Any CPU
		{2FA515E5-5B4F-4DEA-8AE0-2B47DFBE0B23}.Release|Any CPU.ActiveCfg = Release|Any CPU
		{2FA515E5-5B4F-4DEA-8AE0-2B47DFBE0B23}.Release|Any CPU.Build.0 = Release|Any CPU
		{74B2C033-CF66-403A-06FD-603651AEB4E8}.Debug|Any CPU.ActiveCfg = Debug|Any CPU
		{74B2C033-CF66-403A-06FD-603651AEB4E8}.Debug|Any CPU.Build.0 = Debug|Any CPU
		{74B2C033-CF66-403A-06FD-603651AEB4E8}.Release|Any CPU.ActiveCfg = Release|Any CPU
		{74B2C033-CF66-403A-06FD-603651AEB4E8}.Release|Any CPU.Build.0 = Release|Any CPU
		{297466E3-B1F3-45B2-8619-88D92C60EE9F}.Debug|Any CPU.ActiveCfg = Debug|Any CPU
		{297466E3-B1F3-45B2-8619-88D92C60EE9F}.Debug|Any CPU.Build.0 = Debug|Any CPU
		{297466E3-B1F3-45B2-8619-88D92C60EE9F}.Release|Any CPU.ActiveCfg = Release|Any CPU
		{297466E3-B1F3-45B2-8619-88D92C60EE9F}.Release|Any CPU.Build.0 = Release|Any CPU
		{2433D703-73A0-4788-BCF4-1F6DC7D9E868}.Debug|Any CPU.ActiveCfg = Debug|Any CPU
		{2433D703-73A0-4788-BCF4-1F6DC7D9E868}.Debug|Any CPU.Build.0 = Debug|Any CPU
		{2433D703-73A0-4788-BCF4-1F6DC7D9E868}.Release|Any CPU.ActiveCfg = Release|Any CPU
		{2433D703-73A0-4788-BCF4-1F6DC7D9E868}.Release|Any CPU.Build.0 = Release|Any CPU
		{EFC248BE-48EF-4217-BB85-9435F7B0A99E}.Debug|Any CPU.ActiveCfg = Debug|Any CPU
		{EFC248BE-48EF-4217-BB85-9435F7B0A99E}.Debug|Any CPU.Build.0 = Debug|Any CPU
		{EFC248BE-48EF-4217-BB85-9435F7B0A99E}.Release|Any CPU.ActiveCfg = Release|Any CPU
		{EFC248BE-48EF-4217-BB85-9435F7B0A99E}.Release|Any CPU.Build.0 = Release|Any CPU
		{697FEC80-DE5F-F167-2E9C-702E7D330C53}.Debug|Any CPU.ActiveCfg = Debug|Any CPU
		{697FEC80-DE5F-F167-2E9C-702E7D330C53}.Debug|Any CPU.Build.0 = Debug|Any CPU
		{697FEC80-DE5F-F167-2E9C-702E7D330C53}.Release|Any CPU.ActiveCfg = Release|Any CPU
		{697FEC80-DE5F-F167-2E9C-702E7D330C53}.Release|Any CPU.Build.0 = Release|Any CPU
		{D7CFCF8D-2280-4C9C-B4FB-2A4EB9A77A46}.Debug|Any CPU.ActiveCfg = Debug|Any CPU
		{D7CFCF8D-2280-4C9C-B4FB-2A4EB9A77A46}.Debug|Any CPU.Build.0 = Debug|Any CPU
		{D7CFCF8D-2280-4C9C-B4FB-2A4EB9A77A46}.Release|Any CPU.ActiveCfg = Release|Any CPU
		{D7CFCF8D-2280-4C9C-B4FB-2A4EB9A77A46}.Release|Any CPU.Build.0 = Release|Any CPU
		{AC631372-D8BD-47AE-B4BB-4EC1FF5D0EF2}.Debug|Any CPU.ActiveCfg = Debug|Any CPU
		{AC631372-D8BD-47AE-B4BB-4EC1FF5D0EF2}.Debug|Any CPU.Build.0 = Debug|Any CPU
		{AC631372-D8BD-47AE-B4BB-4EC1FF5D0EF2}.Release|Any CPU.ActiveCfg = Release|Any CPU
		{AC631372-D8BD-47AE-B4BB-4EC1FF5D0EF2}.Release|Any CPU.Build.0 = Release|Any CPU
		{802E1871-7B55-49B5-A5A3-648C1278D579}.Debug|Any CPU.ActiveCfg = Debug|Any CPU
		{802E1871-7B55-49B5-A5A3-648C1278D579}.Debug|Any CPU.Build.0 = Debug|Any CPU
		{802E1871-7B55-49B5-A5A3-648C1278D579}.Release|Any CPU.ActiveCfg = Release|Any CPU
		{802E1871-7B55-49B5-A5A3-648C1278D579}.Release|Any CPU.Build.0 = Release|Any CPU
		{D3B25482-891C-4E34-97CB-D461EA57FEBA}.Debug|Any CPU.ActiveCfg = Debug|Any CPU
		{D3B25482-891C-4E34-97CB-D461EA57FEBA}.Debug|Any CPU.Build.0 = Debug|Any CPU
		{D3B25482-891C-4E34-97CB-D461EA57FEBA}.Release|Any CPU.ActiveCfg = Release|Any CPU
		{D3B25482-891C-4E34-97CB-D461EA57FEBA}.Release|Any CPU.Build.0 = Release|Any CPU
		{8CAA6C16-8140-4E29-B0F4-EE5CC4A361BC}.Debug|Any CPU.ActiveCfg = Debug|Any CPU
		{8CAA6C16-8140-4E29-B0F4-EE5CC4A361BC}.Debug|Any CPU.Build.0 = Debug|Any CPU
		{8CAA6C16-8140-4E29-B0F4-EE5CC4A361BC}.Release|Any CPU.ActiveCfg = Release|Any CPU
		{8CAA6C16-8140-4E29-B0F4-EE5CC4A361BC}.Release|Any CPU.Build.0 = Release|Any CPU
		{8A408FE0-AA3B-4AFD-90E7-2C95E5649B6B}.Debug|Any CPU.ActiveCfg = Debug|Any CPU
		{8A408FE0-AA3B-4AFD-90E7-2C95E5649B6B}.Debug|Any CPU.Build.0 = Debug|Any CPU
		{8A408FE0-AA3B-4AFD-90E7-2C95E5649B6B}.Release|Any CPU.ActiveCfg = Release|Any CPU
		{8A408FE0-AA3B-4AFD-90E7-2C95E5649B6B}.Release|Any CPU.Build.0 = Release|Any CPU
		{BEC06E82-4B21-4ACE-A4E9-7A6835691B06}.Debug|Any CPU.ActiveCfg = Debug|Any CPU
		{BEC06E82-4B21-4ACE-A4E9-7A6835691B06}.Debug|Any CPU.Build.0 = Debug|Any CPU
		{BEC06E82-4B21-4ACE-A4E9-7A6835691B06}.Release|Any CPU.ActiveCfg = Release|Any CPU
		{BEC06E82-4B21-4ACE-A4E9-7A6835691B06}.Release|Any CPU.Build.0 = Release|Any CPU
		{8933CB5D-02CB-4639-A84C-587E4ABBF7D2}.Debug|Any CPU.ActiveCfg = Debug|Any CPU
		{8933CB5D-02CB-4639-A84C-587E4ABBF7D2}.Debug|Any CPU.Build.0 = Debug|Any CPU
		{8933CB5D-02CB-4639-A84C-587E4ABBF7D2}.Release|Any CPU.ActiveCfg = Release|Any CPU
		{8933CB5D-02CB-4639-A84C-587E4ABBF7D2}.Release|Any CPU.Build.0 = Release|Any CPU
		{0CDBF33D-2F1F-428C-B2D6-0780AE7A13DB}.Debug|Any CPU.ActiveCfg = Debug|Any CPU
		{0CDBF33D-2F1F-428C-B2D6-0780AE7A13DB}.Debug|Any CPU.Build.0 = Debug|Any CPU
		{0CDBF33D-2F1F-428C-B2D6-0780AE7A13DB}.Release|Any CPU.ActiveCfg = Release|Any CPU
		{0CDBF33D-2F1F-428C-B2D6-0780AE7A13DB}.Release|Any CPU.Build.0 = Release|Any CPU
	EndGlobalSection
	GlobalSection(SolutionProperties) = preSolution
		HideSolutionNode = FALSE
	EndGlobalSection
	GlobalSection(NestedProjects) = preSolution
		{68D9A9DB-C288-484D-955A-209BF6FC5094} = {DDB4EF12-CC4E-5E88-E6FC-71A802F4DE97}
		{2FA515E5-5B4F-4DEA-8AE0-2B47DFBE0B23} = {ECFE5DB3-A246-4ED5-B13C-488766577812}
		{2788EDBB-0BA0-4ACA-AB35-855210F40A28} = {E0872017-81EA-41D1-BFE6-38931243CE3A}
		{74B2C033-CF66-403A-06FD-603651AEB4E8} = {2788EDBB-0BA0-4ACA-AB35-855210F40A28}
		{ECFE5DB3-A246-4ED5-B13C-488766577812} = {E0872017-81EA-41D1-BFE6-38931243CE3A}
		{297466E3-B1F3-45B2-8619-88D92C60EE9F} = {1CFC1DAC-AEBD-44E7-AA30-FBF33F7A0F46}
		{2433D703-73A0-4788-BCF4-1F6DC7D9E868} = {1CFC1DAC-AEBD-44E7-AA30-FBF33F7A0F46}
		{5AC2620C-8789-41A5-AC19-B18A4925D5B3} = {E0872017-81EA-41D1-BFE6-38931243CE3A}
		{EFC248BE-48EF-4217-BB85-9435F7B0A99E} = {5AC2620C-8789-41A5-AC19-B18A4925D5B3}
		{697FEC80-DE5F-F167-2E9C-702E7D330C53} = {2788EDBB-0BA0-4ACA-AB35-855210F40A28}
		{D7CFCF8D-2280-4C9C-B4FB-2A4EB9A77A46} = {996AF992-0748-4A73-A5F7-38998FA0F5DF}
		{991946B8-80D1-400A-8D03-5AA81622B407} = {996AF992-0748-4A73-A5F7-38998FA0F5DF}
		{AC631372-D8BD-47AE-B4BB-4EC1FF5D0EF2} = {991946B8-80D1-400A-8D03-5AA81622B407}
		{802E1871-7B55-49B5-A5A3-648C1278D579} = {996AF992-0748-4A73-A5F7-38998FA0F5DF}
		{D3B25482-891C-4E34-97CB-D461EA57FEBA} = {991946B8-80D1-400A-8D03-5AA81622B407}
		{8CAA6C16-8140-4E29-B0F4-EE5CC4A361BC} = {CE0B27D5-D611-49F1-B403-2C644DA4146F}
		{7FC4783A-3278-4EFA-B3A4-7D8622507E0A} = {CE0B27D5-D611-49F1-B403-2C644DA4146F}
		{8A408FE0-AA3B-4AFD-90E7-2C95E5649B6B} = {7FC4783A-3278-4EFA-B3A4-7D8622507E0A}
		{BEC06E82-4B21-4ACE-A4E9-7A6835691B06} = {7FC4783A-3278-4EFA-B3A4-7D8622507E0A}
		{8933CB5D-02CB-4639-A84C-587E4ABBF7D2} = {C0A5D9CC-BC1F-4EEF-87A9-3EDE35253B59}
		{E3F25522-CCFD-4C09-8B5D-A982B7A4CCC1} = {01B7B146-E9E4-4B9E-8B65-6DDE3256F8EB}
		{0CDBF33D-2F1F-428C-B2D6-0780AE7A13DB} = {E3F25522-CCFD-4C09-8B5D-A982B7A4CCC1}
	EndGlobalSection
	GlobalSection(ExtensibilityGlobals) = postSolution
		SolutionGuid = {28BCC89A-A3BD-4783-8893-79F4BA29A7C7}
	EndGlobalSection
EndGlobal
